
Microsoft Visual Studio Solution File, Format Version 12.00
Project("{FAE04EC0-301F-11D3-BF4B-00C04F79EFBC}") = "MyNoSqlServer.TcpContracts", "MyNoSqlServer.TcpContracts\MyNoSqlServer.TcpContracts.csproj", "{B6C9738B-44C1-4B75-9542-A5381D921DB2}"
EndProject
Project("{FAE04EC0-301F-11D3-BF4B-00C04F79EFBC}") = "MyNoSqlServer.TcpContracts.Tests", "MyNoSqlServer.TcpContracts.Tests\MyNoSqlServer.TcpContracts.Tests.csproj", "{8F788BEA-FE38-4AC0-99D1-430317376968}"
EndProject
Global
	GlobalSection(SolutionConfigurationPlatforms) = preSolution
		Debug|Any CPU = Debug|Any CPU
		Release|Any CPU = Release|Any CPU
	EndGlobalSection
	GlobalSection(ProjectConfigurationPlatforms) = postSolution
		{B6C9738B-44C1-4B75-9542-A5381D921DB2}.Debug|Any CPU.ActiveCfg = Debug|Any CPU
		{B6C9738B-44C1-4B75-9542-A5381D921DB2}.Debug|Any CPU.Build.0 = Debug|Any CPU
		{B6C9738B-44C1-4B75-9542-A5381D921DB2}.Release|Any CPU.ActiveCfg = Release|Any CPU
		{B6C9738B-44C1-4B75-9542-A5381D921DB2}.Release|Any CPU.Build.0 = Release|Any CPU
		{8F788BEA-FE38-4AC0-99D1-430317376968}.Debug|Any CPU.ActiveCfg = Debug|Any CPU
		{8F788BEA-FE38-4AC0-99D1-430317376968}.Debug|Any CPU.Build.0 = Debug|Any CPU
		{8F788BEA-FE38-4AC0-99D1-430317376968}.Release|Any CPU.ActiveCfg = Release|Any CPU
		{8F788BEA-FE38-4AC0-99D1-430317376968}.Release|Any CPU.Build.0 = Release|Any CPU
	EndGlobalSection
EndGlobal
